
Microsoft Visual Studio Solution File, Format Version 12.00
# Visual Studio Version 16
VisualStudioVersion = 16.0.29409.12
MinimumVisualStudioVersion = 10.0.40219.1
Project("{FAE04EC0-301F-11D3-BF4B-00C04F79EFBC}") = "JsonLibrary_Framework", "JsonLibrary_Framework.csproj", "{4987BE25-81DE-4385-84FB-112C73C98FAE}"
EndProject
Global
	GlobalSection(SolutionConfigurationPlatforms) = preSolution
		Debug|Any CPU = Debug|Any CPU
		Release|Any CPU = Release|Any CPU
	EndGlobalSection
	GlobalSection(ProjectConfigurationPlatforms) = postSolution
		{4987BE25-81DE-4385-84FB-112C73C98FAE}.Debug|Any CPU.ActiveCfg = Debug|Any CPU
		{4987BE25-81DE-4385-84FB-112C73C98FAE}.Debug|Any CPU.Build.0 = Debug|Any CPU
		{4987BE25-81DE-4385-84FB-112C73C98FAE}.Release|Any CPU.ActiveCfg = Release|Any CPU
		{4987BE25-81DE-4385-84FB-112C73C98FAE}.Release|Any CPU.Build.0 = Release|Any CPU
	EndGlobalSection
	GlobalSection(SolutionProperties) = preSolution
		HideSolutionNode = FALSE
	EndGlobalSection
	GlobalSection(ExtensibilityGlobals) = postSolution
		SolutionGuid = {686D85ED-ECFE-4DBC-93D9-805B347D1A45}
	EndGlobalSection
EndGlobal
